
Microsoft Visual Studio Solution File, Format Version 12.00
# Visual Studio 2013
VisualStudioVersion = 12.0.21005.1
MinimumVisualStudioVersion = 10.0.40219.1
Project("{8BC9CEB8-8B4A-11D0-8D11-00A0C91BC942}") = "module", "module\module.vcxproj", "{D25C80EF-49BD-4E93-9FED-2D03A7170B67}"
EndProject
Project("{8BC9CEB8-8B4A-11D0-8D11-00A0C91BC942}") = "smartheap", "smartheap\smartheap.vcxproj", "{FB9AC8D1-2B31-4DA1-975F-F8A83DE57C91}"
EndProject
Project("{8BC9CEB8-8B4A-11D0-8D11-00A0C91BC942}") = "memorymgt", "memorymgt\memorymgt.vcxproj", "{0171FBBD-CDF4-4549-BF38-BB1A4428868A}"
EndProject
Project("{8BC9CEB8-8B4A-11D0-8D11-00A0C91BC942}") = "iservercontroller", "iservercontroller\iservercontroller.vcxproj", "{B779268A-20C7-4CAC-AEE9-01DCD4F6154C}"
EndProject
Project("{8BC9CEB8-8B4A-11D0-8D11-00A0C91BC942}") = "ipc", "ipc\ipc.vcxproj", "{2B575205-0488-402B-A9DE-EC876182F5FA}"
EndProject
Project("{8BC9CEB8-8B4A-11D0-8D11-00A0C91BC942}") = "auto", "auto\auto.vcxproj", "{675F92D6-55F5-44BC-A6CA-CE8398401958}"
EndProject
Project("{8BC9CEB8-8B4A-11D0-8D11-00A0C91BC942}") = "log", "log\log.vcxproj", "{427462B4-5788-4EDC-A3A5-B03753541CF0}"
EndProject
Project("{8BC9CEB8-8B4A-11D0-8D11-00A0C91BC942}") = "iscontrollertest", "test\iscontrollertest\iscontrollertest.vcxproj", "{49186275-AD1E-4C44-8C64-7025E26999B0}"
EndProject
Project("{8BC9CEB8-8B4A-11D0-8D11-00A0C91BC942}") = "contractmgmt", "contractmgmt\ContractManager.vcxproj", "{E95C4B67-7AF4-46A0-A133-894731015109}"
EndProject
Project("{8BC9CEB8-8B4A-11D0-8D11-00A0C91BC942}") = "threads", "threads\threads.vcxproj", "{F2CE647B-A981-4AC3-9E50-72F1A9D82179}"
EndProject
Project("{8BC9CEB8-8B4A-11D0-8D11-00A0C91BC942}") = "basic", "basic\basic.vcxproj", "{9912BFAA-991A-4333-8731-91F3684FB5BC}"
EndProject
Project("{8BC9CEB8-8B4A-11D0-8D11-00A0C91BC942}") = "mmgttest", "test\mmgttest\mmgttest.vcxproj", "{B9E6355F-F05B-4757-A798-9BF34B0A040F}"
EndProject
Project("{888888A0-9F3D-457C-B088-3A5042F75D52}") = "config", "config\config\config.pyproj", "{0F82D598-8AA3-4AB5-92E1-E83EC4DBA628}"
EndProject
Project("{8BC9CEB8-8B4A-11D0-8D11-00A0C91BC942}") = "gtest", "3rdParty\gtest\gtest.vcxproj", "{56E243B6-ECFF-495B-B014-5FD4E52027E5}"
EndProject
Project("{8BC9CEB8-8B4A-11D0-8D11-00A0C91BC942}") = "teste", "test\teste\teste.vcxproj", "{F93F7B2B-535B-411A-8154-F43D9C2ADE7B}"
EndProject
Global
	GlobalSection(SolutionConfigurationPlatforms) = preSolution
		Debug|Any CPU = Debug|Any CPU
		Debug|Mixed Platforms = Debug|Mixed Platforms
		Debug|Win32 = Debug|Win32
		Release|Any CPU = Release|Any CPU
		Release|Mixed Platforms = Release|Mixed Platforms
		Release|Win32 = Release|Win32
	EndGlobalSection
	GlobalSection(ProjectConfigurationPlatforms) = postSolution
		{D25C80EF-49BD-4E93-9FED-2D03A7170B67}.Debug|Any CPU.ActiveCfg = Debug|Win32
		{D25C80EF-49BD-4E93-9FED-2D03A7170B67}.Debug|Mixed Platforms.ActiveCfg = Debug|Win32
		{D25C80EF-49BD-4E93-9FED-2D03A7170B67}.Debug|Mixed Platforms.Build.0 = Debug|Win32
		{D25C80EF-49BD-4E93-9FED-2D03A7170B67}.Debug|Win32.ActiveCfg = Debug|Win32
		{D25C80EF-49BD-4E93-9FED-2D03A7170B67}.Debug|Win32.Build.0 = Debug|Win32
		{D25C80EF-49BD-4E93-9FED-2D03A7170B67}.Release|Any CPU.ActiveCfg = Release|Win32
		{D25C80EF-49BD-4E93-9FED-2D03A7170B67}.Release|Mixed Platforms.ActiveCfg = Release|Win32
		{D25C80EF-49BD-4E93-9FED-2D03A7170B67}.Release|Mixed Platforms.Build.0 = Release|Win32
		{D25C80EF-49BD-4E93-9FED-2D03A7170B67}.Release|Win32.ActiveCfg = Release|Win32
		{D25C80EF-49BD-4E93-9FED-2D03A7170B67}.Release|Win32.Build.0 = Release|Win32
		{FB9AC8D1-2B31-4DA1-975F-F8A83DE57C91}.Debug|Any CPU.ActiveCfg = Debug|Win32
		{FB9AC8D1-2B31-4DA1-975F-F8A83DE57C91}.Debug|Mixed Platforms.ActiveCfg = Debug|Win32
		{FB9AC8D1-2B31-4DA1-975F-F8A83DE57C91}.Debug|Mixed Platforms.Build.0 = Debug|Win32
		{FB9AC8D1-2B31-4DA1-975F-F8A83DE57C91}.Debug|Win32.ActiveCfg = Debug|Win32
		{FB9AC8D1-2B31-4DA1-975F-F8A83DE57C91}.Debug|Win32.Build.0 = Debug|Win32
		{FB9AC8D1-2B31-4DA1-975F-F8A83DE57C91}.Release|Any CPU.ActiveCfg = Release|Win32
		{FB9AC8D1-2B31-4DA1-975F-F8A83DE57C91}.Release|Mixed Platforms.ActiveCfg = Release|Win32
		{FB9AC8D1-2B31-4DA1-975F-F8A83DE57C91}.Release|Mixed Platforms.Build.0 = Release|Win32
		{FB9AC8D1-2B31-4DA1-975F-F8A83DE57C91}.Release|Win32.ActiveCfg = Release|Win32
		{FB9AC8D1-2B31-4DA1-975F-F8A83DE57C91}.Release|Win32.Build.0 = Release|Win32
		{0171FBBD-CDF4-4549-BF38-BB1A4428868A}.Debug|Any CPU.ActiveCfg = Debug|Win32
		{0171FBBD-CDF4-4549-BF38-BB1A4428868A}.Debug|Mixed Platforms.ActiveCfg = Debug|Win32
		{0171FBBD-CDF4-4549-BF38-BB1A4428868A}.Debug|Mixed Platforms.Build.0 = Debug|Win32
		{0171FBBD-CDF4-4549-BF38-BB1A4428868A}.Debug|Win32.ActiveCfg = Debug|Win32
		{0171FBBD-CDF4-4549-BF38-BB1A4428868A}.Debug|Win32.Build.0 = Debug|Win32
		{0171FBBD-CDF4-4549-BF38-BB1A4428868A}.Release|Any CPU.ActiveCfg = Release|Win32
		{0171FBBD-CDF4-4549-BF38-BB1A4428868A}.Release|Mixed Platforms.ActiveCfg = Release|Win32
		{0171FBBD-CDF4-4549-BF38-BB1A4428868A}.Release|Mixed Platforms.Build.0 = Release|Win32
		{0171FBBD-CDF4-4549-BF38-BB1A4428868A}.Release|Win32.ActiveCfg = Release|Win32
		{0171FBBD-CDF4-4549-BF38-BB1A4428868A}.Release|Win32.Build.0 = Release|Win32
		{B779268A-20C7-4CAC-AEE9-01DCD4F6154C}.Debug|Any CPU.ActiveCfg = Debug|Win32
		{B779268A-20C7-4CAC-AEE9-01DCD4F6154C}.Debug|Mixed Platforms.ActiveCfg = Debug|Win32
		{B779268A-20C7-4CAC-AEE9-01DCD4F6154C}.Debug|Mixed Platforms.Build.0 = Debug|Win32
		{B779268A-20C7-4CAC-AEE9-01DCD4F6154C}.Debug|Win32.ActiveCfg = Debug|Win32
		{B779268A-20C7-4CAC-AEE9-01DCD4F6154C}.Debug|Win32.Build.0 = Debug|Win32
		{B779268A-20C7-4CAC-AEE9-01DCD4F6154C}.Release|Any CPU.ActiveCfg = Release|Win32
		{B779268A-20C7-4CAC-AEE9-01DCD4F6154C}.Release|Mixed Platforms.ActiveCfg = Release|Win32
		{B779268A-20C7-4CAC-AEE9-01DCD4F6154C}.Release|Mixed Platforms.Build.0 = Release|Win32
		{B779268A-20C7-4CAC-AEE9-01DCD4F6154C}.Release|Win32.ActiveCfg = Release|Win32
		{B779268A-20C7-4CAC-AEE9-01DCD4F6154C}.Release|Win32.Build.0 = Release|Win32
		{2B575205-0488-402B-A9DE-EC876182F5FA}.Debug|Any CPU.ActiveCfg = Debug|Win32
		{2B575205-0488-402B-A9DE-EC876182F5FA}.Debug|Mixed Platforms.ActiveCfg = Debug|Win32
		{2B575205-0488-402B-A9DE-EC876182F5FA}.Debug|Mixed Platforms.Build.0 = Debug|Win32
		{2B575205-0488-402B-A9DE-EC876182F5FA}.Debug|Win32.ActiveCfg = Debug|Win32
		{2B575205-0488-402B-A9DE-EC876182F5FA}.Debug|Win32.Build.0 = Debug|Win32
		{2B575205-0488-402B-A9DE-EC876182F5FA}.Release|Any CPU.ActiveCfg = Release|Win32
		{2B575205-0488-402B-A9DE-EC876182F5FA}.Release|Mixed Platforms.ActiveCfg = Release|Win32
		{2B575205-0488-402B-A9DE-EC876182F5FA}.Release|Mixed Platforms.Build.0 = Release|Win32
		{2B575205-0488-402B-A9DE-EC876182F5FA}.Release|Win32.ActiveCfg = Release|Win32
		{2B575205-0488-402B-A9DE-EC876182F5FA}.Release|Win32.Build.0 = Release|Win32
		{675F92D6-55F5-44BC-A6CA-CE8398401958}.Debug|Any CPU.ActiveCfg = Debug|Win32
		{675F92D6-55F5-44BC-A6CA-CE8398401958}.Debug|Mixed Platforms.ActiveCfg = Debug|Win32
		{675F92D6-55F5-44BC-A6CA-CE8398401958}.Debug|Mixed Platforms.Build.0 = Debug|Win32
		{675F92D6-55F5-44BC-A6CA-CE8398401958}.Debug|Win32.ActiveCfg = Debug|Win32
		{675F92D6-55F5-44BC-A6CA-CE8398401958}.Debug|Win32.Build.0 = Debug|Win32
		{675F92D6-55F5-44BC-A6CA-CE8398401958}.Release|Any CPU.ActiveCfg = Release|Win32
		{675F92D6-55F5-44BC-A6CA-CE8398401958}.Release|Mixed Platforms.ActiveCfg = Release|Win32
		{675F92D6-55F5-44BC-A6CA-CE8398401958}.Release|Mixed Platforms.Build.0 = Release|Win32
		{675F92D6-55F5-44BC-A6CA-CE8398401958}.Release|Win32.ActiveCfg = Release|Win32
		{675F92D6-55F5-44BC-A6CA-CE8398401958}.Release|Win32.Build.0 = Release|Win32
		{427462B4-5788-4EDC-A3A5-B03753541CF0}.Debug|Any CPU.ActiveCfg = Debug|Win32
		{427462B4-5788-4EDC-A3A5-B03753541CF0}.Debug|Mixed Platforms.ActiveCfg = Debug|Win32
		{427462B4-5788-4EDC-A3A5-B03753541CF0}.Debug|Mixed Platforms.Build.0 = Debug|Win32
		{427462B4-5788-4EDC-A3A5-B03753541CF0}.Debug|Win32.ActiveCfg = Debug|Win32
		{427462B4-5788-4EDC-A3A5-B03753541CF0}.Debug|Win32.Build.0 = Debug|Win32
		{427462B4-5788-4EDC-A3A5-B03753541CF0}.Release|Any CPU.ActiveCfg = Release|Win32
		{427462B4-5788-4EDC-A3A5-B03753541CF0}.Release|Mixed Platforms.ActiveCfg = Release|Win32
		{427462B4-5788-4EDC-A3A5-B03753541CF0}.Release|Mixed Platforms.Build.0 = Release|Win32
		{427462B4-5788-4EDC-A3A5-B03753541CF0}.Release|Win32.ActiveCfg = Release|Win32
		{427462B4-5788-4EDC-A3A5-B03753541CF0}.Release|Win32.Build.0 = Release|Win32
		{49186275-AD1E-4C44-8C64-7025E26999B0}.Debug|Any CPU.ActiveCfg = Debug|Win32
		{49186275-AD1E-4C44-8C64-7025E26999B0}.Debug|Mixed Platforms.ActiveCfg = Debug|Win32
		{49186275-AD1E-4C44-8C64-7025E26999B0}.Debug|Mixed Platforms.Build.0 = Debug|Win32
		{49186275-AD1E-4C44-8C64-7025E26999B0}.Debug|Win32.ActiveCfg = Debug|Win32
		{49186275-AD1E-4C44-8C64-7025E26999B0}.Debug|Win32.Build.0 = Debug|Win32
		{49186275-AD1E-4C44-8C64-7025E26999B0}.Release|Any CPU.ActiveCfg = Release|Win32
		{49186275-AD1E-4C44-8C64-7025E26999B0}.Release|Mixed Platforms.ActiveCfg = Release|Win32
		{49186275-AD1E-4C44-8C64-7025E26999B0}.Release|Mixed Platforms.Build.0 = Release|Win32
		{49186275-AD1E-4C44-8C64-7025E26999B0}.Release|Win32.ActiveCfg = Release|Win32
		{49186275-AD1E-4C44-8C64-7025E26999B0}.Release|Win32.Build.0 = Release|Win32
		{E95C4B67-7AF4-46A0-A133-894731015109}.Debug|Any CPU.ActiveCfg = Debug|Win32
		{E95C4B67-7AF4-46A0-A133-894731015109}.Debug|Mixed Platforms.ActiveCfg = Debug|Win32
		{E95C4B67-7AF4-46A0-A133-894731015109}.Debug|Mixed Platforms.Build.0 = Debug|Win32
		{E95C4B67-7AF4-46A0-A133-894731015109}.Debug|Win32.ActiveCfg = Debug|Win32
		{E95C4B67-7AF4-46A0-A133-894731015109}.Debug|Win32.Build.0 = Debug|Win32
		{E95C4B67-7AF4-46A0-A133-894731015109}.Release|Any CPU.ActiveCfg = Release|Win32
		{E95C4B67-7AF4-46A0-A133-894731015109}.Release|Mixed Platforms.ActiveCfg = Release|Win32
		{E95C4B67-7AF4-46A0-A133-894731015109}.Release|Mixed Platforms.Build.0 = Release|Win32
		{E95C4B67-7AF4-46A0-A133-894731015109}.Release|Win32.ActiveCfg = Release|Win32
		{E95C4B67-7AF4-46A0-A133-894731015109}.Release|Win32.Build.0 = Release|Win32
		{F2CE647B-A981-4AC3-9E50-72F1A9D82179}.Debug|Any CPU.ActiveCfg = Debug|Win32
		{F2CE647B-A981-4AC3-9E50-72F1A9D82179}.Debug|Mixed Platforms.ActiveCfg = Debug|Win32
		{F2CE647B-A981-4AC3-9E50-72F1A9D82179}.Debug|Mixed Platforms.Build.0 = Debug|Win32
		{F2CE647B-A981-4AC3-9E50-72F1A9D82179}.Debug|Win32.ActiveCfg = Debug|Win32
		{F2CE647B-A981-4AC3-9E50-72F1A9D82179}.Debug|Win32.Build.0 = Debug|Win32
		{F2CE647B-A981-4AC3-9E50-72F1A9D82179}.Release|Any CPU.ActiveCfg = Release|Win32
		{F2CE647B-A981-4AC3-9E50-72F1A9D82179}.Release|Mixed Platforms.ActiveCfg = Release|Win32
		{F2CE647B-A981-4AC3-9E50-72F1A9D82179}.Release|Mixed Platforms.Build.0 = Release|Win32
		{F2CE647B-A981-4AC3-9E50-72F1A9D82179}.Release|Win32.ActiveCfg = Release|Win32
		{F2CE647B-A981-4AC3-9E50-72F1A9D82179}.Release|Win32.Build.0 = Release|Win32
		{9912BFAA-991A-4333-8731-91F3684FB5BC}.Debug|Any CPU.ActiveCfg = Debug|Win32
		{9912BFAA-991A-4333-8731-91F3684FB5BC}.Debug|Mixed Platforms.ActiveCfg = Debug|Win32
		{9912BFAA-991A-4333-8731-91F3684FB5BC}.Debug|Mixed Platforms.Build.0 = Debug|Win32
		{9912BFAA-991A-4333-8731-91F3684FB5BC}.Debug|Win32.ActiveCfg = Debug|Win32
		{9912BFAA-991A-4333-8731-91F3684FB5BC}.Debug|Win32.Build.0 = Debug|Win32
		{9912BFAA-991A-4333-8731-91F3684FB5BC}.Release|Any CPU.ActiveCfg = Release|Win32
		{9912BFAA-991A-4333-8731-91F3684FB5BC}.Release|Mixed Platforms.ActiveCfg = Release|Win32
		{9912BFAA-991A-4333-8731-91F3684FB5BC}.Release|Mixed Platforms.Build.0 = Release|Win32
		{9912BFAA-991A-4333-8731-91F3684FB5BC}.Release|Win32.ActiveCfg = Release|Win32
		{9912BFAA-991A-4333-8731-91F3684FB5BC}.Release|Win32.Build.0 = Release|Win32
		{B9E6355F-F05B-4757-A798-9BF34B0A040F}.Debug|Any CPU.ActiveCfg = Debug|Win32
		{B9E6355F-F05B-4757-A798-9BF34B0A040F}.Debug|Mixed Platforms.ActiveCfg = Debug|Win32
		{B9E6355F-F05B-4757-A798-9BF34B0A040F}.Debug|Mixed Platforms.Build.0 = Debug|Win32
		{B9E6355F-F05B-4757-A798-9BF34B0A040F}.Debug|Win32.ActiveCfg = Debug|Win32
		{B9E6355F-F05B-4757-A798-9BF34B0A040F}.Debug|Win32.Build.0 = Debug|Win32
		{B9E6355F-F05B-4757-A798-9BF34B0A040F}.Release|Any CPU.ActiveCfg = Release|Win32
		{B9E6355F-F05B-4757-A798-9BF34B0A040F}.Release|Mixed Platforms.ActiveCfg = Release|Win32
		{B9E6355F-F05B-4757-A798-9BF34B0A040F}.Release|Mixed Platforms.Build.0 = Release|Win32
		{B9E6355F-F05B-4757-A798-9BF34B0A040F}.Release|Win32.ActiveCfg = Release|Win32
		{B9E6355F-F05B-4757-A798-9BF34B0A040F}.Release|Win32.Build.0 = Release|Win32
		{0F82D598-8AA3-4AB5-92E1-E83EC4DBA628}.Debug|Any CPU.ActiveCfg = Debug|Any CPU
		{0F82D598-8AA3-4AB5-92E1-E83EC4DBA628}.Debug|Any CPU.Build.0 = Debug|Any CPU
		{0F82D598-8AA3-4AB5-92E1-E83EC4DBA628}.Debug|Mixed Platforms.ActiveCfg = Debug|Any CPU
		{0F82D598-8AA3-4AB5-92E1-E83EC4DBA628}.Debug|Mixed Platforms.Build.0 = Debug|Any CPU
		{0F82D598-8AA3-4AB5-92E1-E83EC4DBA628}.Debug|Win32.ActiveCfg = Debug|Any CPU
		{0F82D598-8AA3-4AB5-92E1-E83EC4DBA628}.Release|Any CPU.ActiveCfg = Release|Any CPU
		{0F82D598-8AA3-4AB5-92E1-E83EC4DBA628}.Release|Any CPU.Build.0 = Release|Any CPU
		{0F82D598-8AA3-4AB5-92E1-E83EC4DBA628}.Release|Mixed Platforms.ActiveCfg = Release|Any CPU
		{0F82D598-8AA3-4AB5-92E1-E83EC4DBA628}.Release|Mixed Platforms.Build.0 = Release|Any CPU
		{0F82D598-8AA3-4AB5-92E1-E83EC4DBA628}.Release|Win32.ActiveCfg = Release|Any CPU
		{56E243B6-ECFF-495B-B014-5FD4E52027E5}.Debug|Any CPU.ActiveCfg = Debug|Win32
		{56E243B6-ECFF-495B-B014-5FD4E52027E5}.Debug|Mixed Platforms.ActiveCfg = Debug|Win32
		{56E243B6-ECFF-495B-B014-5FD4E52027E5}.Debug|Mixed Platforms.Build.0 = Debug|Win32
		{56E243B6-ECFF-495B-B014-5FD4E52027E5}.Debug|Win32.ActiveCfg = Debug|Win32
		{56E243B6-ECFF-495B-B014-5FD4E52027E5}.Debug|Win32.Build.0 = Debug|Win32
		{56E243B6-ECFF-495B-B014-5FD4E52027E5}.Release|Any CPU.ActiveCfg = Release|Win32
		{56E243B6-ECFF-495B-B014-5FD4E52027E5}.Release|Mixed Platforms.ActiveCfg = Release|Win32
		{56E243B6-ECFF-495B-B014-5FD4E52027E5}.Release|Mixed Platforms.Build.0 = Release|Win32
		{56E243B6-ECFF-495B-B014-5FD4E52027E5}.Release|Win32.ActiveCfg = Release|Win32
		{56E243B6-ECFF-495B-B014-5FD4E52027E5}.Release|Win32.Build.0 = Release|Win32
		{F93F7B2B-535B-411A-8154-F43D9C2ADE7B}.Debug|Any CPU.ActiveCfg = Debug|Win32
		{F93F7B2B-535B-411A-8154-F43D9C2ADE7B}.Debug|Mixed Platforms.ActiveCfg = Debug|Win32
		{F93F7B2B-535B-411A-8154-F43D9C2ADE7B}.Debug|Mixed Platforms.Build.0 = Debug|Win32
		{F93F7B2B-535B-411A-8154-F43D9C2ADE7B}.Debug|Win32.ActiveCfg = Debug|Win32
		{F93F7B2B-535B-411A-8154-F43D9C2ADE7B}.Debug|Win32.Build.0 = Debug|Win32
		{F93F7B2B-535B-411A-8154-F43D9C2ADE7B}.Release|Any CPU.ActiveCfg = Release|Win32
		{F93F7B2B-535B-411A-8154-F43D9C2ADE7B}.Release|Mixed Platforms.ActiveCfg = Release|Win32
		{F93F7B2B-535B-411A-8154-F43D9C2ADE7B}.Release|Mixed Platforms.Build.0 = Release|Win32
		{F93F7B2B-535B-411A-8154-F43D9C2ADE7B}.Release|Win32.ActiveCfg = Release|Win32
		{F93F7B2B-535B-411A-8154-F43D9C2ADE7B}.Release|Win32.Build.0 = Release|Win32
	EndGlobalSection
	GlobalSection(SolutionProperties) = preSolution
		HideSolutionNode = FALSE
	EndGlobalSection
EndGlobal
